// !$*UTF8*$!
{
	archiveVersion = 1;
	classes = {
	};
	objectVersion = 46;
	objects = {

/* Begin PBXBuildFile section */
		3323E73E1874DF320080EFE2 /* Cocoa.framework in Frameworks */ = {isa = PBXBuildFile; fileRef = 3323E73D1874DF320080EFE2 /* Cocoa.framework */; };
		3376CF07187C54560081FD34 /* CALayer+SublayerUtils.h in Headers */ = {isa = PBXBuildFile; fileRef = F29B81A9358F3375D7F2CCC6 /* CALayer+SublayerUtils.h */; };
		3376CF08187C545A0081FD34 /* CALayer+SublayerUtils.m in Sources */ = {isa = PBXBuildFile; fileRef = F29B8DB87A794D00B8758303 /* CALayer+SublayerUtils.m */; };
		33AC7261187852F20041CEB0 /* Foundation.framework in Frameworks */ = {isa = PBXBuildFile; fileRef = 33AC7260187852F20041CEB0 /* Foundation.framework */; };
		33AC7287187854A80041CEB0 /* UIKit.framework in Frameworks */ = {isa = PBXBuildFile; fileRef = 33AC7286187854A80041CEB0 /* UIKit.framework */; };
		33C4CC3C187E01CF008FB67E /* CARoundedShapeLayer.h in Headers */ = {isa = PBXBuildFile; fileRef = 33C4CC3A187E01CF008FB67E /* CARoundedShapeLayer.h */; };
		33C4CC3D187E01CF008FB67E /* CARoundedShapeLayer.m in Sources */ = {isa = PBXBuildFile; fileRef = 33C4CC3B187E01CF008FB67E /* CARoundedShapeLayer.m */; };
		F29B83F0ECC904177C9B1A00 /* CALayer+FrameUtils.h in Headers */ = {isa = PBXBuildFile; fileRef = F29B82B4E313ACBB74A7FAB3 /* CALayer+FrameUtils.h */; };
		F29B887E053158C380C7FE8C /* CALayer+ConstraintUtils.m in Sources */ = {isa = PBXBuildFile; fileRef = F29B813547225D2BC78B9334 /* CALayer+ConstraintUtils.m */; };
		F29B8A4DB468EF5AB9D09C4A /* CALayer+ConstraintUtils.h in Headers */ = {isa = PBXBuildFile; fileRef = F29B80CBE2EF0E021560F99E /* CALayer+ConstraintUtils.h */; };
		F29B8C44EC2D1BD1916C2868 /* CALayer+ConstraintGetters.h in Headers */ = {isa = PBXBuildFile; fileRef = F29B8264D7F47BB3D9807B92 /* CALayer+ConstraintGetters.h */; };
		F29B8D25156375C495DC653D /* CALayer+FrameUtils.m in Sources */ = {isa = PBXBuildFile; fileRef = F29B8D828202E2F86C5A5C46 /* CALayer+FrameUtils.m */; };
		F29B8DB22634C1167E0CDFBB /* CALayer+ConstraintGetters.m in Sources */ = {isa = PBXBuildFile; fileRef = F29B8430AB65335F5A8ADBCF /* CALayer+ConstraintGetters.m */; };
/* End PBXBuildFile section */

/* Begin PBXCopyFilesBuildPhase section */
		33AC725D187852F10041CEB0 /* CopyFiles */ = {
			isa = PBXCopyFilesBuildPhase;
			buildActionMask = 2147483647;
			dstPath = "include/$(PRODUCT_NAME)";
			dstSubfolderSpec = 16;
			files = (
			);
			runOnlyForDeploymentPostprocessing = 0;
		};
/* End PBXCopyFilesBuildPhase section */

/* Begin PBXFileReference section */
		3323E73A1874DF320080EFE2 /* libCALayer-DPUtils.a */ = {isa = PBXFileReference; explicitFileType = archive.ar; includeInIndex = 0; path = "libCALayer-DPUtils.a"; sourceTree = BUILT_PRODUCTS_DIR; };
		3323E73D1874DF320080EFE2 /* Cocoa.framework */ = {isa = PBXFileReference; lastKnownFileType = wrapper.framework; name = Cocoa.framework; path = System/Library/Frameworks/Cocoa.framework; sourceTree = SDKROOT; };
		3323E7401874DF320080EFE2 /* Foundation.framework */ = {isa = PBXFileReference; lastKnownFileType = wrapper.framework; name = Foundation.framework; path = System/Library/Frameworks/Foundation.framework; sourceTree = SDKROOT; };
		3323E7411874DF320080EFE2 /* CoreData.framework */ = {isa = PBXFileReference; lastKnownFileType = wrapper.framework; name = CoreData.framework; path = System/Library/Frameworks/CoreData.framework; sourceTree = SDKROOT; };
		3323E7421874DF320080EFE2 /* AppKit.framework */ = {isa = PBXFileReference; lastKnownFileType = wrapper.framework; name = AppKit.framework; path = System/Library/Frameworks/AppKit.framework; sourceTree = SDKROOT; };
		3323E7451874DF320080EFE2 /* CALayer-DPUtils-Prefix.pch */ = {isa = PBXFileReference; lastKnownFileType = sourcecode.c.h; path = "CALayer-DPUtils-Prefix.pch"; sourceTree = "<group>"; };
		3323E74E1874DF320080EFE2 /* XCTest.framework */ = {isa = PBXFileReference; lastKnownFileType = wrapper.framework; name = XCTest.framework; path = Library/Frameworks/XCTest.framework; sourceTree = DEVELOPER_DIR; };
		3376CF06187C4B630081FD34 /* README.md */ = {isa = PBXFileReference; fileEncoding = 4; lastKnownFileType = text; path = README.md; sourceTree = "<group>"; };
		33AC725F187852F20041CEB0 /* libCALayer-DPUtils-iOS.a */ = {isa = PBXFileReference; explicitFileType = archive.ar; includeInIndex = 0; path = "libCALayer-DPUtils-iOS.a"; sourceTree = BUILT_PRODUCTS_DIR; };
		33AC7260187852F20041CEB0 /* Foundation.framework */ = {isa = PBXFileReference; lastKnownFileType = wrapper.framework; name = Foundation.framework; path = System/Library/Frameworks/Foundation.framework; sourceTree = SDKROOT; };
		33AC7264187852F20041CEB0 /* CALayer-DPUtils-iOS-Prefix.pch */ = {isa = PBXFileReference; lastKnownFileType = sourcecode.c.h; path = "CALayer-DPUtils-iOS-Prefix.pch"; sourceTree = "<group>"; };
		33AC7270187852F20041CEB0 /* UIKit.framework */ = {isa = PBXFileReference; lastKnownFileType = wrapper.framework; name = UIKit.framework; path = Library/Frameworks/UIKit.framework; sourceTree = DEVELOPER_DIR; };
		33AC7286187854A80041CEB0 /* UIKit.framework */ = {isa = PBXFileReference; lastKnownFileType = wrapper.framework; name = UIKit.framework; path = Platforms/iPhoneOS.platform/Developer/SDKs/iPhoneOS7.0.sdk/System/Library/Frameworks/UIKit.framework; sourceTree = DEVELOPER_DIR; };
		33C4CC3A187E01CF008FB67E /* CARoundedShapeLayer.h */ = {isa = PBXFileReference; fileEncoding = 4; lastKnownFileType = sourcecode.c.h; path = CARoundedShapeLayer.h; sourceTree = "<group>"; };
		33C4CC3B187E01CF008FB67E /* CARoundedShapeLayer.m */ = {isa = PBXFileReference; fileEncoding = 4; lastKnownFileType = sourcecode.c.objc; path = CARoundedShapeLayer.m; sourceTree = "<group>"; };
		F29B80CBE2EF0E021560F99E /* CALayer+ConstraintUtils.h */ = {isa = PBXFileReference; fileEncoding = 4; lastKnownFileType = sourcecode.c.h; path = "CALayer+ConstraintUtils.h"; sourceTree = "<group>"; };
		F29B813547225D2BC78B9334 /* CALayer+ConstraintUtils.m */ = {isa = PBXFileReference; fileEncoding = 4; lastKnownFileType = sourcecode.c.objc; path = "CALayer+ConstraintUtils.m"; sourceTree = "<group>"; };
		F29B81A9358F3375D7F2CCC6 /* CALayer+SublayerUtils.h */ = {isa = PBXFileReference; fileEncoding = 4; lastKnownFileType = sourcecode.c.h; path = "CALayer+SublayerUtils.h"; sourceTree = "<group>"; };
		F29B8264D7F47BB3D9807B92 /* CALayer+ConstraintGetters.h */ = {isa = PBXFileReference; fileEncoding = 4; lastKnownFileType = sourcecode.c.h; path = "CALayer+ConstraintGetters.h"; sourceTree = "<group>"; };
		F29B82B4E313ACBB74A7FAB3 /* CALayer+FrameUtils.h */ = {isa = PBXFileReference; fileEncoding = 4; lastKnownFileType = sourcecode.c.h; path = "CALayer+FrameUtils.h"; sourceTree = "<group>"; };
		F29B8430AB65335F5A8ADBCF /* CALayer+ConstraintGetters.m */ = {isa = PBXFileReference; fileEncoding = 4; lastKnownFileType = sourcecode.c.objc; path = "CALayer+ConstraintGetters.m"; sourceTree = "<group>"; };
		F29B8D828202E2F86C5A5C46 /* CALayer+FrameUtils.m */ = {isa = PBXFileReference; fileEncoding = 4; lastKnownFileType = sourcecode.c.objc; path = "CALayer+FrameUtils.m"; sourceTree = "<group>"; };
		F29B8DB87A794D00B8758303 /* CALayer+SublayerUtils.m */ = {isa = PBXFileReference; fileEncoding = 4; lastKnownFileType = sourcecode.c.objc; path = "CALayer+SublayerUtils.m"; sourceTree = "<group>"; };
/* End PBXFileReference section */

/* Begin PBXFrameworksBuildPhase section */
		3323E7371874DF320080EFE2 /* Frameworks */ = {
			isa = PBXFrameworksBuildPhase;
			buildActionMask = 2147483647;
			files = (
				3323E73E1874DF320080EFE2 /* Cocoa.framework in Frameworks */,
			);
			runOnlyForDeploymentPostprocessing = 0;
		};
		33AC725C187852F10041CEB0 /* Frameworks */ = {
			isa = PBXFrameworksBuildPhase;
			buildActionMask = 2147483647;
			files = (
				33AC7287187854A80041CEB0 /* UIKit.framework in Frameworks */,
				33AC7261187852F20041CEB0 /* Foundation.framework in Frameworks */,
			);
			runOnlyForDeploymentPostprocessing = 0;
		};
/* End PBXFrameworksBuildPhase section */

/* Begin PBXGroup section */
		3323E7311874DF320080EFE2 = {
			isa = PBXGroup;
			children = (
				3323E7431874DF320080EFE2 /* CALayer-DPUtils */,
				3376CF0A187C79250081FD34 /* CALayer-DPUtils-OSX */,
				33AC7262187852F20041CEB0 /* CALayer-DPUtils-iOS */,
				3376CF05187C4B570081FD34 /* Resources */,
				3323E73C1874DF320080EFE2 /* Frameworks */,
				3323E73B1874DF320080EFE2 /* Products */,
			);
			sourceTree = "<group>";
		};
		3323E73B1874DF320080EFE2 /* Products */ = {
			isa = PBXGroup;
			children = (
				3323E73A1874DF320080EFE2 /* libCALayer-DPUtils.a */,
				33AC725F187852F20041CEB0 /* libCALayer-DPUtils-iOS.a */,
			);
			name = Products;
			sourceTree = "<group>";
		};
		3323E73C1874DF320080EFE2 /* Frameworks */ = {
			isa = PBXGroup;
			children = (
				33AC7286187854A80041CEB0 /* UIKit.framework */,
				3323E73D1874DF320080EFE2 /* Cocoa.framework */,
				3323E74E1874DF320080EFE2 /* XCTest.framework */,
				33AC7260187852F20041CEB0 /* Foundation.framework */,
				33AC7270187852F20041CEB0 /* UIKit.framework */,
				3323E73F1874DF320080EFE2 /* Other Frameworks */,
			);
			name = Frameworks;
			sourceTree = "<group>";
		};
		3323E73F1874DF320080EFE2 /* Other Frameworks */ = {
			isa = PBXGroup;
			children = (
				3323E7401874DF320080EFE2 /* Foundation.framework */,
				3323E7411874DF320080EFE2 /* CoreData.framework */,
				3323E7421874DF320080EFE2 /* AppKit.framework */,
			);
			name = "Other Frameworks";
			sourceTree = "<group>";
		};
		3323E7431874DF320080EFE2 /* CALayer-DPUtils */ = {
			isa = PBXGroup;
			children = (
				F29B82B4E313ACBB74A7FAB3 /* CALayer+FrameUtils.h */,
				F29B8D828202E2F86C5A5C46 /* CALayer+FrameUtils.m */,
				F29B81A9358F3375D7F2CCC6 /* CALayer+SublayerUtils.h */,
				F29B8DB87A794D00B8758303 /* CALayer+SublayerUtils.m */,
				3323E7441874DF320080EFE2 /* Supporting Files */,
			);
			path = "CALayer-DPUtils";
			sourceTree = "<group>";
		};
		3323E7441874DF320080EFE2 /* Supporting Files */ = {
			isa = PBXGroup;
			children = (
				3323E7451874DF320080EFE2 /* CALayer-DPUtils-Prefix.pch */,
			);
			name = "Supporting Files";
			sourceTree = "<group>";
		};
		3376CF05187C4B570081FD34 /* Resources */ = {
			isa = PBXGroup;
			children = (
				3376CF06187C4B630081FD34 /* README.md */,
			);
			name = Resources;
			sourceTree = "<group>";
		};
		3376CF0A187C79250081FD34 /* CALayer-DPUtils-OSX */ = {
			isa = PBXGroup;
			children = (
				33C4CC3A187E01CF008FB67E /* CARoundedShapeLayer.h */,
				33C4CC3B187E01CF008FB67E /* CARoundedShapeLayer.m */,
				F29B8264D7F47BB3D9807B92 /* CALayer+ConstraintGetters.h */,
				F29B8430AB65335F5A8ADBCF /* CALayer+ConstraintGetters.m */,
				F29B80CBE2EF0E021560F99E /* CALayer+ConstraintUtils.h */,
				F29B813547225D2BC78B9334 /* CALayer+ConstraintUtils.m */,
			);
			path = "CALayer-DPUtils-OSX";
			sourceTree = "<group>";
		};
		33AC7262187852F20041CEB0 /* CALayer-DPUtils-iOS */ = {
			isa = PBXGroup;
			children = (
				33AC7263187852F20041CEB0 /* Supporting Files */,
			);
			path = "CALayer-DPUtils-iOS";
			sourceTree = "<group>";
		};
		33AC7263187852F20041CEB0 /* Supporting Files */ = {
			isa = PBXGroup;
			children = (
				33AC7264187852F20041CEB0 /* CALayer-DPUtils-iOS-Prefix.pch */,
			);
			name = "Supporting Files";
			sourceTree = "<group>";
		};
/* End PBXGroup section */

/* Begin PBXHeadersBuildPhase section */
		3323E7381874DF320080EFE2 /* Headers */ = {
			isa = PBXHeadersBuildPhase;
			buildActionMask = 2147483647;
			files = (
				F29B83F0ECC904177C9B1A00 /* CALayer+FrameUtils.h in Headers */,
				F29B8A4DB468EF5AB9D09C4A /* CALayer+ConstraintUtils.h in Headers */,
				3376CF07187C54560081FD34 /* CALayer+SublayerUtils.h in Headers */,
				33C4CC3C187E01CF008FB67E /* CARoundedShapeLayer.h in Headers */,
				F29B8C44EC2D1BD1916C2868 /* CALayer+ConstraintGetters.h in Headers */,
			);
			runOnlyForDeploymentPostprocessing = 0;
		};
/* End PBXHeadersBuildPhase section */

/* Begin PBXNativeTarget section */
		3323E7391874DF320080EFE2 /* CALayer-DPUtils */ = {
			isa = PBXNativeTarget;
			buildConfigurationList = 3323E75E1874DF320080EFE2 /* Build configuration list for PBXNativeTarget "CALayer-DPUtils" */;
			buildPhases = (
				3323E7361874DF320080EFE2 /* Sources */,
				3323E7371874DF320080EFE2 /* Frameworks */,
				3323E7381874DF320080EFE2 /* Headers */,
			);
			buildRules = (
			);
			dependencies = (
			);
			name = "CALayer-DPUtils";
			productName = "CALayer-DPUtils";
			productReference = 3323E73A1874DF320080EFE2 /* libCALayer-DPUtils.a */;
			productType = "com.apple.product-type.library.static";
		};
		33AC725E187852F10041CEB0 /* CALayer-DPUtils-iOS */ = {
			isa = PBXNativeTarget;
			buildConfigurationList = 33AC727D187852F20041CEB0 /* Build configuration list for PBXNativeTarget "CALayer-DPUtils-iOS" */;
			buildPhases = (
				33AC725B187852F10041CEB0 /* Sources */,
				33AC725C187852F10041CEB0 /* Frameworks */,
				33AC725D187852F10041CEB0 /* CopyFiles */,
			);
			buildRules = (
			);
			dependencies = (
			);
			name = "CALayer-DPUtils-iOS";
			productName = "CALayer-DPUtils-iOS";
			productReference = 33AC725F187852F20041CEB0 /* libCALayer-DPUtils-iOS.a */;
			productType = "com.apple.product-type.library.static";
		};
/* End PBXNativeTarget section */

/* Begin PBXProject section */
		3323E7321874DF320080EFE2 /* Project object */ = {
			isa = PBXProject;
			attributes = {
				LastUpgradeCheck = 0500;
				ORGANIZATIONNAME = "Dani Postigo";
			};
			buildConfigurationList = 3323E7351874DF320080EFE2 /* Build configuration list for PBXProject "CALayer-DPUtils" */;
			compatibilityVersion = "Xcode 3.2";
			developmentRegion = English;
			hasScannedForEncodings = 0;
			knownRegions = (
				en,
			);
			mainGroup = 3323E7311874DF320080EFE2;
			productRefGroup = 3323E73B1874DF320080EFE2 /* Products */;
			projectDirPath = "";
			projectRoot = "";
			targets = (
				3323E7391874DF320080EFE2 /* CALayer-DPUtils */,
				33AC725E187852F10041CEB0 /* CALayer-DPUtils-iOS */,
			);
		};
/* End PBXProject section */

/* Begin PBXSourcesBuildPhase section */
		3323E7361874DF320080EFE2 /* Sources */ = {
			isa = PBXSourcesBuildPhase;
			buildActionMask = 2147483647;
			files = (
				F29B8D25156375C495DC653D /* CALayer+FrameUtils.m in Sources */,
				F29B887E053158C380C7FE8C /* CALayer+ConstraintUtils.m in Sources */,
				3376CF08187C545A0081FD34 /* CALayer+SublayerUtils.m in Sources */,
				33C4CC3D187E01CF008FB67E /* CARoundedShapeLayer.m in Sources */,
				F29B8DB22634C1167E0CDFBB /* CALayer+ConstraintGetters.m in Sources */,
			);
			runOnlyForDeploymentPostprocessing = 0;
		};
		33AC725B187852F10041CEB0 /* Sources */ = {
			isa = PBXSourcesBuildPhase;
			buildActionMask = 2147483647;
			files = (
			);
			runOnlyForDeploymentPostprocessing = 0;
		};
/* End PBXSourcesBuildPhase section */

/* Begin XCBuildConfiguration section */
		3323E75C1874DF320080EFE2 /* Debug */ = {
			isa = XCBuildConfiguration;
			buildSettings = {
				ALWAYS_SEARCH_USER_PATHS = NO;
				CLANG_CXX_LANGUAGE_STANDARD = "gnu++0x";
				CLANG_CXX_LIBRARY = "libc++";
				CLANG_ENABLE_OBJC_ARC = YES;
				CLANG_WARN_BOOL_CONVERSION = YES;
				CLANG_WARN_CONSTANT_CONVERSION = YES;
				CLANG_WARN_DIRECT_OBJC_ISA_USAGE = YES_ERROR;
				CLANG_WARN_EMPTY_BODY = YES;
				CLANG_WARN_ENUM_CONVERSION = YES;
				CLANG_WARN_INT_CONVERSION = YES;
				CLANG_WARN_OBJC_ROOT_CLASS = YES_ERROR;
				CLANG_WARN__DUPLICATE_METHOD_MATCH = YES;
				COPY_PHASE_STRIP = NO;
				GCC_C_LANGUAGE_STANDARD = gnu99;
				GCC_DYNAMIC_NO_PIC = NO;
				GCC_ENABLE_OBJC_EXCEPTIONS = YES;
				GCC_OPTIMIZATION_LEVEL = 0;
				GCC_PREPROCESSOR_DEFINITIONS = (
					"DEBUG=1",
					"$(inherited)",
				);
				GCC_SYMBOLS_PRIVATE_EXTERN = NO;
				GCC_WARN_64_TO_32_BIT_CONVERSION = YES;
				GCC_WARN_ABOUT_RETURN_TYPE = YES_ERROR;
				GCC_WARN_UNDECLARED_SELECTOR = YES;
				GCC_WARN_UNINITIALIZED_AUTOS = YES;
				GCC_WARN_UNUSED_FUNCTION = YES;
				GCC_WARN_UNUSED_VARIABLE = YES;
				IPHONEOS_DEPLOYMENT_TARGET = 4.3;
				MACOSX_DEPLOYMENT_TARGET = 10.7;
				ONLY_ACTIVE_ARCH = YES;
				SDKROOT = macosx;
			};
			name = Debug;
		};
		3323E75D1874DF320080EFE2 /* Release */ = {
			isa = XCBuildConfiguration;
			buildSettings = {
				ALWAYS_SEARCH_USER_PATHS = NO;
				CLANG_CXX_LANGUAGE_STANDARD = "gnu++0x";
				CLANG_CXX_LIBRARY = "libc++";
				CLANG_ENABLE_OBJC_ARC = YES;
				CLANG_WARN_BOOL_CONVERSION = YES;
				CLANG_WARN_CONSTANT_CONVERSION = YES;
				CLANG_WARN_DIRECT_OBJC_ISA_USAGE = YES_ERROR;
				CLANG_WARN_EMPTY_BODY = YES;
				CLANG_WARN_ENUM_CONVERSION = YES;
				CLANG_WARN_INT_CONVERSION = YES;
				CLANG_WARN_OBJC_ROOT_CLASS = YES_ERROR;
				CLANG_WARN__DUPLICATE_METHOD_MATCH = YES;
				COPY_PHASE_STRIP = YES;
				DEBUG_INFORMATION_FORMAT = "dwarf-with-dsym";
				ENABLE_NS_ASSERTIONS = NO;
				GCC_C_LANGUAGE_STANDARD = gnu99;
				GCC_ENABLE_OBJC_EXCEPTIONS = YES;
				GCC_WARN_64_TO_32_BIT_CONVERSION = YES;
				GCC_WARN_ABOUT_RETURN_TYPE = YES_ERROR;
				GCC_WARN_UNDECLARED_SELECTOR = YES;
				GCC_WARN_UNINITIALIZED_AUTOS = YES;
				GCC_WARN_UNUSED_FUNCTION = YES;
				GCC_WARN_UNUSED_VARIABLE = YES;
				IPHONEOS_DEPLOYMENT_TARGET = 4.3;
				MACOSX_DEPLOYMENT_TARGET = 10.7;
				SDKROOT = macosx;
			};
			name = Release;
		};
		3323E75F1874DF320080EFE2 /* Debug */ = {
			isa = XCBuildConfiguration;
			buildSettings = {
				GCC_PRECOMPILE_PREFIX_HEADER = YES;
				GCC_PREFIX_HEADER = "CALayer-DPUtils/CALayer-DPUtils-Prefix.pch";
				PRODUCT_NAME = "$(TARGET_NAME)";
			};
			name = Debug;
		};
		3323E7601874DF320080EFE2 /* Release */ = {
			isa = XCBuildConfiguration;
			buildSettings = {
				GCC_PRECOMPILE_PREFIX_HEADER = YES;
				GCC_PREFIX_HEADER = "CALayer-DPUtils/CALayer-DPUtils-Prefix.pch";
				PRODUCT_NAME = "$(TARGET_NAME)";
			};
			name = Release;
		};
		33AC727E187852F20041CEB0 /* Debug */ = {
			isa = XCBuildConfiguration;
			buildSettings = {
				ARCHS = "$(ARCHS_STANDARD_INCLUDING_64_BIT)";
				CLANG_ENABLE_MODULES = YES;
				DSTROOT = /tmp/CALayer_DPUtils_iOS.dst;
				GCC_PRECOMPILE_PREFIX_HEADER = YES;
				GCC_PREFIX_HEADER = "CALayer-DPUtils-iOS/CALayer-DPUtils-iOS-Prefix.pch";
				GCC_PREPROCESSOR_DEFINITIONS = (
					"DEBUG=1",
					"$(inherited)",
				);
				IPHONEOS_DEPLOYMENT_TARGET = 7.0;
				OTHER_LDFLAGS = "-ObjC";
				PRODUCT_NAME = "$(TARGET_NAME)";
				SDKROOT = iphoneos;
				SKIP_INSTALL = YES;
			};
			name = Debug;
		};
		33AC727F187852F20041CEB0 /* Release */ = {
			isa = XCBuildConfiguration;
			buildSettings = {
				ARCHS = "$(ARCHS_STANDARD_INCLUDING_64_BIT)";
				CLANG_ENABLE_MODULES = YES;
				DSTROOT = /tmp/CALayer_DPUtils_iOS.dst;
				GCC_PRECOMPILE_PREFIX_HEADER = YES;
				GCC_PREFIX_HEADER = "CALayer-DPUtils-iOS/CALayer-DPUtils-iOS-Prefix.pch";
				IPHONEOS_DEPLOYMENT_TARGET = 7.0;
				OTHER_LDFLAGS = "-ObjC";
				PRODUCT_NAME = "$(TARGET_NAME)";
				SDKROOT = iphoneos;
				SKIP_INSTALL = YES;
				VALIDATE_PRODUCT = YES;
			};
			name = Release;
		};
/* End XCBuildConfiguration section */

/* Begin XCConfigurationList section */
		3323E7351874DF320080EFE2 /* Build configuration list for PBXProject "CALayer-DPUtils" */ = {
			isa = XCConfigurationList;
			buildConfigurations = (
				3323E75C1874DF320080EFE2 /* Debug */,
				3323E75D1874DF320080EFE2 /* Release */,
			);
			defaultConfigurationIsVisible = 0;
			defaultConfigurationName = Release;
		};
		3323E75E1874DF320080EFE2 /* Build configuration list for PBXNativeTarget "CALayer-DPUtils" */ = {
			isa = XCConfigurationList;
			buildConfigurations = (
				3323E75F1874DF320080EFE2 /* Debug */,
				3323E7601874DF320080EFE2 /* Release */,
			);
			defaultConfigurationIsVisible = 0;
			defaultConfigurationName = Release;
		};
		33AC727D187852F20041CEB0 /* Build configuration list for PBXNativeTarget "CALayer-DPUtils-iOS" */ = {
			isa = XCConfigurationList;
			buildConfigurations = (
				33AC727E187852F20041CEB0 /* Debug */,
				33AC727F187852F20041CEB0 /* Release */,
			);
			defaultConfigurationIsVisible = 0;
			defaultConfigurationName = Release;
		};
/* End XCConfigurationList section */
	};
	rootObject = 3323E7321874DF320080EFE2 /* Project object */;
}
